
Microsoft Visual Studio Solution File, Format Version 12.00
# Visual Studio Version 17
VisualStudioVersion = 17.9.34622.214
MinimumVisualStudioVersion = 10.0.40219.1
Project("{2150E333-8FDC-42A3-9474-1A3956D46DE8}") = "Include", "Include", "{8E2E9AC9-9091-4338-A2D8-B1EC68CF452C}"
	ProjectSection(SolutionItems) = preProject
		Source\Include\Environment.h = Source\Include\Environment.h
		Source\Include\Framework.h = Source\Include\Framework.h
		Source\Include\Libraries.h = Source\Include\Libraries.h
	EndProjectSection
EndProject
Project("{2150E333-8FDC-42A3-9474-1A3956D46DE8}") = "Util", "Util", "{F98DDBCD-F5C2-470A-8EC3-341D1FD229C3}"
	ProjectSection(SolutionItems) = preProject
		Source\Include\Util\Delegates.h = Source\Include\Util\Delegates.h
		Source\Include\Util\Exception.h = Source\Include\Util\Exception.h
		Source\Include\Util\Interface.h = Source\Include\Util\Interface.h
		Source\Include\Util\Math.h = Source\Include\Util\Math.h
		Source\Include\Util\Nullable.h = Source\Include\Util\Nullable.h
		Source\Include\Util\System.h = Source\Include\Util\System.h
		Source\Include\Util\Typing.h = Source\Include\Util\Typing.h
		Source\Include\Util\Util.h = Source\Include\Util\Util.h
		Source\Include\Util\UtilBase.h = Source\Include\Util\UtilBase.h
	EndProjectSection
EndProject
Project("{2150E333-8FDC-42A3-9474-1A3956D46DE8}") = "Collections", "Collections", "{CAE43DBB-BBD8-48A3-810D-870B988FCCA6}"
	ProjectSection(SolutionItems) = preProject
		Source\Include\Collections\Countable.h = Source\Include\Collections\Countable.h
		Source\Include\Collections\ICollection.h = Source\Include\Collections\ICollection.h
		Source\Include\Collections\ISortable.h = Source\Include\Collections\ISortable.h
		Source\Include\Collections\ThrowHelper.h = Source\Include\Collections\ThrowHelper.h
		Source\Include\Collections\Util.h = Source\Include\Collections\Util.h
	EndProjectSection
EndProject
Project("{2150E333-8FDC-42A3-9474-1A3956D46DE8}") = "Source", "Source", "{FCA4B167-AB35-4C40-BA5A-4871D89B331C}"
EndProject
Project("{8BC9CEB8-8B4A-11D0-8D11-00A0C91BC942}") = "WinCopies.Util.Shared", "Source\Shared\WinCopies.Util.Shared\WinCopies.Util.Shared.vcxitems", "{591DA994-C2A7-4217-BC92-3E8C32167115}"
EndProject
Project("{2150E333-8FDC-42A3-9474-1A3956D46DE8}") = "Shared", "Shared", "{F1A40941-BE4E-451F-A9AD-F5F14CAC6DC9}"
EndProject
Project("{2150E333-8FDC-42A3-9474-1A3956D46DE8}") = "Current", "Current", "{85892C8A-687D-40E9-B05F-38B0937D4C16}"
EndProject
Project("{8BC9CEB8-8B4A-11D0-8D11-00A0C91BC942}") = "WinCopies.Util", "Source\Current\WinCopies.Util\WinCopies.Util.vcxproj", "{10ACD228-5E39-46A2-8F61-894381A0E427}"
EndProject
Project("{2150E333-8FDC-42A3-9474-1A3956D46DE8}") = "Tests", "Tests", "{5944965A-C6BC-448C-898B-C4AA45517A4E}"
EndProject
Project("{8BC9CEB8-8B4A-11D0-8D11-00A0C91BC942}") = "WinCopies.Collections.Tests", "Tests\WinCopies.Collections.Tests\WinCopies.Collections.Tests.vcxproj", "{54616CF4-B4E5-49B4-BF13-C8B342F008DD}"
EndProject
Project("{2150E333-8FDC-42A3-9474-1A3956D46DE8}") = "Kernel", "Kernel", "{9935193F-5EBE-4D77-89F2-17E3B65774AA}"
	ProjectSection(SolutionItems) = preProject
		Source\Include\Kernel\Framework.h = Source\Include\Kernel\Framework.h
		Source\Include\Kernel\Main.h = Source\Include\Kernel\Main.h
	EndProjectSection
EndProject
Project("{2150E333-8FDC-42A3-9474-1A3956D46DE8}") = "Macros", "Macros", "{80187EF8-648A-4C74-AABF-1431E6DBAE5A}"
	ProjectSection(SolutionItems) = preProject
		Source\Include\Kernel\Macros\Misc.hxx = Source\Include\Kernel\Macros\Misc.hxx
		Source\Include\Kernel\Macros\Template.hxx = Source\Include\Kernel\Macros\Template.hxx
		Source\Include\Kernel\Macros\TemplateIf.hxx = Source\Include\Kernel\Macros\TemplateIf.hxx
	EndProjectSection
EndProject
Project("{2150E333-8FDC-42A3-9474-1A3956D46DE8}") = "Types", "Types", "{5B4C381B-667E-46B0-AF41-04760F5E3859}"
	ProjectSection(SolutionItems) = preProject
		Source\Include\Kernel\Types\Defs.hxx = Source\Include\Kernel\Types\Defs.hxx
	EndProjectSection
EndProject
Project("{2150E333-8FDC-42A3-9474-1A3956D46DE8}") = "Method", "Method", "{AA4541B8-3389-4373-95A7-558B73F51A09}"
	ProjectSection(SolutionItems) = preProject
		Source\Include\Kernel\Macros\Method\Abstract.hxx = Source\Include\Kernel\Macros\Method\Abstract.hxx
		Source\Include\Kernel\Macros\Method\AbstractBase.hxx = Source\Include\Kernel\Macros\Method\AbstractBase.hxx
		Source\Include\Kernel\Macros\Method\Base.hxx = Source\Include\Kernel\Macros\Method\Base.hxx
		Source\Include\Kernel\Macros\Method\Inline.hxx = Source\Include\Kernel\Macros\Method\Inline.hxx
		Source\Include\Kernel\Macros\Method\Method.h = Source\Include\Kernel\Macros\Method\Method.h
		Source\Include\Kernel\Macros\Method\Property.hxx = Source\Include\Kernel\Macros\Method\Property.hxx
		Source\Include\Kernel\Macros\Method\Templates.h = Source\Include\Kernel\Macros\Method\Templates.h
	EndProjectSection
EndProject
Project("{2150E333-8FDC-42A3-9474-1A3956D46DE8}") = "Type", "Type", "{FD892CCF-A7A6-4756-83A4-A16589FEB168}"
	ProjectSection(SolutionItems) = preProject
		Source\Include\Kernel\Macros\Type\Type.hxx = Source\Include\Kernel\Macros\Type\Type.hxx
		Source\Include\Kernel\Macros\Type\TypeBase.hxx = Source\Include\Kernel\Macros\Type\TypeBase.hxx
	EndProjectSection
EndProject
Project("{2150E333-8FDC-42A3-9474-1A3956D46DE8}") = "Templates", "Templates", "{4FAA7D93-045F-4B8E-A301-E0C23FE1B089}"
	ProjectSection(SolutionItems) = preProject
		Source\Include\Kernel\Macros\Method\Templates\Func.hxx = Source\Include\Kernel\Macros\Method\Templates\Func.hxx
		Source\Include\Kernel\Macros\Method\Templates\Function.hxx = Source\Include\Kernel\Macros\Method\Templates\Function.hxx
		Source\Include\Kernel\Macros\Method\Templates\Inline.hxx = Source\Include\Kernel\Macros\Method\Templates\Inline.hxx
		Source\Include\Kernel\Macros\Method\Templates\Method.hxx = Source\Include\Kernel\Macros\Method\Templates\Method.hxx
	EndProjectSection
EndProject
Project("{2150E333-8FDC-42A3-9474-1A3956D46DE8}") = "Templates", "Templates", "{F28AAB9C-1061-4B29-9DF0-6F53C911CF50}"
	ProjectSection(SolutionItems) = preProject
		Source\Include\Kernel\Macros\Type\Templates\Class.hxx = Source\Include\Kernel\Macros\Type\Templates\Class.hxx
		Source\Include\Kernel\Macros\Type\Templates\Enum.hxx = Source\Include\Kernel\Macros\Type\Templates\Enum.hxx
		Source\Include\Kernel\Macros\Type\Templates\Interface.hxx = Source\Include\Kernel\Macros\Type\Templates\Interface.hxx
		Source\Include\Kernel\Macros\Type\Templates\Struct.hxx = Source\Include\Kernel\Macros\Type\Templates\Struct.hxx
		Source\Include\Kernel\Macros\Type\Templates\Template.hxx = Source\Include\Kernel\Macros\Type\Templates\Template.hxx
	EndProjectSection
EndProject
Project("{2150E333-8FDC-42A3-9474-1A3956D46DE8}") = "Delegates", "Delegates", "{9B4B76DA-1F60-4A57-95D7-8ACFF190F7EF}"
	ProjectSection(SolutionItems) = preProject
		Source\Include\Kernel\Types\Delegates\Defines.hxx = Source\Include\Kernel\Types\Delegates\Defines.hxx
		Source\Include\Kernel\Types\Delegates\Delegates.hxx = Source\Include\Kernel\Types\Delegates\Delegates.hxx
	EndProjectSection
EndProject
Project("{2150E333-8FDC-42A3-9474-1A3956D46DE8}") = "PP", "PP", "{F7DA70F5-61FD-46AC-97C5-B5CD3B59A4EC}"
	ProjectSection(SolutionItems) = preProject
		Source\Include\PP\MISC.hpp = Source\Include\PP\MISC.hpp
		Source\Include\PP\MiscBase.hpp = Source\Include\PP\MiscBase.hpp
	EndProjectSection
EndProject
Project("{2150E333-8FDC-42A3-9474-1A3956D46DE8}") = "Conditional", "Conditional", "{B9D054DC-F7D0-404D-8E53-B928725DB2DB}"
	ProjectSection(SolutionItems) = preProject
		Source\Include\PP\Conditional\Bool.hpp = Source\Include\PP\Conditional\Bool.hpp
		Source\Include\PP\Conditional\Conditional.hpp = Source\Include\PP\Conditional\Conditional.hpp
		Source\Include\PP\Conditional\If.hpp = Source\Include\PP\Conditional\If.hpp
		Source\Include\PP\Conditional\Tables.h = Source\Include\PP\Conditional\Tables.h
	EndProjectSection
EndProject
Project("{2150E333-8FDC-42A3-9474-1A3956D46DE8}") = "Loop", "Loop", "{4220B618-D1C3-45C5-9EB1-1F26ABECF20A}"
	ProjectSection(SolutionItems) = preProject
		Source\Include\PP\Loop\For.hpp = Source\Include\PP\Loop\For.hpp
		Source\Include\PP\Loop\ForEach.hpp = Source\Include\PP\Loop\ForEach.hpp
		Source\Include\PP\Loop\Loop.hpp = Source\Include\PP\Loop\Loop.hpp
		Source\Include\PP\Loop\Repeat.hpp = Source\Include\PP\Loop\Repeat.hpp
		Source\Include\PP\Loop\While.hpp = Source\Include\PP\Loop\While.hpp
	EndProjectSection
EndProject
Project("{2150E333-8FDC-42A3-9474-1A3956D46DE8}") = "Math", "Math", "{1ACF941A-98D3-434E-BDF9-35454434D2CF}"
	ProjectSection(SolutionItems) = preProject
		Source\Include\PP\Math\Base.hpp = Source\Include\PP\Math\Base.hpp
		Source\Include\PP\Math\DECREMENT.h = Source\Include\PP\Math\DECREMENT.h
		Source\Include\PP\Math\Div.hpp = Source\Include\PP\Math\Div.hpp
		Source\Include\PP\Math\INCREMENT.h = Source\Include\PP\Math\INCREMENT.h
		Source\Include\PP\Math\Math.hpp = Source\Include\PP\Math\Math.hpp
		Source\Include\PP\Math\Mul.hpp = Source\Include\PP\Math\Mul.hpp
		Source\Include\PP\Math\MUL.inc.hpp = Source\Include\PP\Math\MUL.inc.hpp
		Source\Include\PP\Math\MulBase.hpp = Source\Include\PP\Math\MulBase.hpp
	EndProjectSection
EndProject
Project("{2150E333-8FDC-42A3-9474-1A3956D46DE8}") = "Typing", "Typing", "{21D6F6E5-FB17-4B6E-AB77-30C359F231E5}"
	ProjectSection(SolutionItems) = preProject
		Source\Include\Kernel\Typing\Consts.hxx = Source\Include\Kernel\Typing\Consts.hxx
		Source\Include\Kernel\Typing\Consts.inc.hxx = Source\Include\Kernel\Typing\Consts.inc.hxx
		Source\Include\Kernel\Typing\EnableIf.hxx = Source\Include\Kernel\Typing\EnableIf.hxx
		Source\Include\Kernel\Typing\Enum.hxx = Source\Include\Kernel\Typing\Enum.hxx
		Source\Include\Kernel\Typing\Typing.h = Source\Include\Kernel\Typing\Typing.h
	EndProjectSection
EndProject
Project("{2150E333-8FDC-42A3-9474-1A3956D46DE8}") = "Variadic", "Variadic", "{C3F7778A-80F1-4BCA-ACB2-BA837C45DFD7}"
	ProjectSection(SolutionItems) = preProject
		Source\Include\PP\Variadic\CountArgs.hpp = Source\Include\PP\Variadic\CountArgs.hpp
		Source\Include\PP\Variadic\Util.hpp = Source\Include\PP\Variadic\Util.hpp
		Source\Include\PP\Variadic\UtilBase.hpp = Source\Include\PP\Variadic\UtilBase.hpp
		Source\Include\PP\Variadic\Variadic.hpp = Source\Include\PP\Variadic\Variadic.hpp
	EndProjectSection
EndProject
Project("{8BC9CEB8-8B4A-11D0-8D11-00A0C91BC942}") = "WinCopies.Collections.Shared", "Source\Shared\WinCopies.Collections.Shared\WinCopies.Collections.Shared.vcxitems", "{CE304143-BD6F-4D55-A3DC-001CB662BE20}"
EndProject
Project("{8BC9CEB8-8B4A-11D0-8D11-00A0C91BC942}") = "WinCopies.Collections", "Source\Current\WinCopies.Collections\WinCopies.Collections.vcxproj", "{B8631384-D958-4DF3-861A-1386C643C7EC}"
EndProject
Project("{2150E333-8FDC-42A3-9474-1A3956D46DE8}") = "Enumeration", "Enumeration", "{44BC91E9-3EE6-407D-BFDD-47E9EB9123C6}"
	ProjectSection(SolutionItems) = preProject
		Source\Include\Collections\Enumeration\Enumerable.h = Source\Include\Collections\Enumeration\Enumerable.h
		Source\Include\Collections\Enumeration\EnumerableBase.h = Source\Include\Collections\Enumeration\EnumerableBase.h
		Source\Include\Collections\Enumeration\EnumerableExtensions.h = Source\Include\Collections\Enumeration\EnumerableExtensions.h
		Source\Include\Collections\Enumeration\EnumeratorBase.h = Source\Include\Collections\Enumeration\EnumeratorBase.h
		Source\Include\Collections\Enumeration\IEnumerable.h = Source\Include\Collections\Enumeration\IEnumerable.h
		Source\Include\Collections\Enumeration\IEnumerator.h = Source\Include\Collections\Enumeration\IEnumerator.h
		Source\Include\Collections\Enumeration\Util.h = Source\Include\Collections\Enumeration\Util.h
	EndProjectSection
EndProject
Project("{2150E333-8FDC-42A3-9474-1A3956D46DE8}") = "LinkedList", "LinkedList", "{14997D21-DA87-44E5-BD17-78D324D0B2E0}"
	ProjectSection(SolutionItems) = preProject
		Source\Include\Collections\LinkedList\ILinkedList.h = Source\Include\Collections\LinkedList\ILinkedList.h
		Source\Include\Collections\LinkedList\ILinkedListNode.h = Source\Include\Collections\LinkedList\ILinkedListNode.h
		Source\Include\Collections\LinkedList\IQueue.h = Source\Include\Collections\LinkedList\IQueue.h
		Source\Include\Collections\LinkedList\IReadOnlyLinkedList.h = Source\Include\Collections\LinkedList\IReadOnlyLinkedList.h
		Source\Include\Collections\LinkedList\ISimpleLinkedList.h = Source\Include\Collections\LinkedList\ISimpleLinkedList.h
		Source\Include\Collections\LinkedList\ISimpleLinkedListNode.h = Source\Include\Collections\LinkedList\ISimpleLinkedListNode.h
		Source\Include\Collections\LinkedList\IStack.h = Source\Include\Collections\LinkedList\IStack.h
		Source\Include\Collections\LinkedList\LinkedList.h = Source\Include\Collections\LinkedList\LinkedList.h
		Source\Include\Collections\LinkedList\Queue.h = Source\Include\Collections\LinkedList\Queue.h
		Source\Include\Collections\LinkedList\SimpleLinkedList.h = Source\Include\Collections\LinkedList\SimpleLinkedList.h
		Source\Include\Collections\LinkedList\SimpleLinkedListNode.h = Source\Include\Collections\LinkedList\SimpleLinkedListNode.h
		Source\Include\Collections\LinkedList\Stack.h = Source\Include\Collections\LinkedList\Stack.h
	EndProjectSection
EndProject
Project("{2150E333-8FDC-42A3-9474-1A3956D46DE8}") = "Include", "Include", "{3FD98BC3-FD77-43DF-AAF7-3732C577F82F}"
	ProjectSection(SolutionItems) = preProject
		Source\Include\PP\Loop\Include\FOR.hpp = Source\Include\PP\Loop\Include\FOR.hpp
		Source\Include\PP\Loop\Include\WHILE.hpp = Source\Include\PP\Loop\Include\WHILE.hpp
	EndProjectSection
EndProject
Project("{2150E333-8FDC-42A3-9474-1A3956D46DE8}") = "Core", "Core", "{488FA285-20C8-4E66-B302-85577033768C}"
EndProject
Project("{2150E333-8FDC-42A3-9474-1A3956D46DE8}") = "Types", "Types", "{AFDA37D3-C219-4F68-8AEB-5F149FD20F38}"
	ProjectSection(SolutionItems) = preProject
		Source\Include\Core\Types\Defs.h = Source\Include\Core\Types\Defs.h
		Source\Include\Core\Types\Delegate.h = Source\Include\Core\Types\Delegate.h
	EndProjectSection
EndProject
Project("{2150E333-8FDC-42A3-9474-1A3956D46DE8}") = "Typing", "Typing", "{0DE618B7-999C-4178-9576-B3EE6C44522A}"
	ProjectSection(SolutionItems) = preProject
		Source\Include\Core\Typing\Consts.h = Source\Include\Core\Typing\Consts.h
		Source\Include\Core\Typing\EnableIf.h = Source\Include\Core\Typing\EnableIf.h
		Source\Include\Core\Typing\Typing.h = Source\Include\Core\Typing\Typing.h
	EndProjectSection
EndProject
Project("{2150E333-8FDC-42A3-9474-1A3956D46DE8}") = "Enums", "Enums", "{08FE520B-0138-405E-8688-548FD51245AB}"
	ProjectSection(SolutionItems) = preProject
		Source\Include\Core\Enums\ErrorCode.h = Source\Include\Core\Enums\ErrorCode.h
		Source\Include\Core\Enums\SystemErrorCode.h = Source\Include\Core\Enums\SystemErrorCode.h
	EndProjectSection
EndProject
Project("{2150E333-8FDC-42A3-9474-1A3956D46DE8}") = "Enum", "Enum", "{52C7F91C-124C-4955-B7A0-3FD948B8C526}"
	ProjectSection(SolutionItems) = preProject
		Source\Include\Kernel\Enum\Arithmetic.hxx = Source\Include\Kernel\Enum\Arithmetic.hxx
		Source\Include\Kernel\Enum\Bitwise.hxx = Source\Include\Kernel\Enum\Bitwise.hxx
		Source\Include\Kernel\Enum\Flags.hxx = Source\Include\Kernel\Enum\Flags.hxx
		Source\Include\Kernel\Enum\MakeEnum.hxx = Source\Include\Kernel\Enum\MakeEnum.hxx
		Source\Include\Kernel\Enum\Operators.hxx = Source\Include\Kernel\Enum\Operators.hxx
	EndProjectSection
EndProject
Project("{2150E333-8FDC-42A3-9474-1A3956D46DE8}") = "Enum", "Enum", "{A8AFE334-F90A-4576-9052-87349E1C0F91}"
	ProjectSection(SolutionItems) = preProject
		Source\Include\Core\Enum\Arithmetic.h = Source\Include\Core\Enum\Arithmetic.h
		Source\Include\Core\Enum\Bitwise.h = Source\Include\Core\Enum\Bitwise.h
		Source\Include\Core\Enum\Comparison.h = Source\Include\Core\Enum\Comparison.h
		Source\Include\Core\Enum\Flags.h = Source\Include\Core\Enum\Flags.h
		Source\Include\Core\Enum\Operators.h = Source\Include\Core\Enum\Operators.h
	EndProjectSection
EndProject
Global
	GlobalSection(SolutionConfigurationPlatforms) = preSolution
		Debug|x64 = Debug|x64
		Debug|x86 = Debug|x86
		Release|x64 = Release|x64
		Release|x86 = Release|x86
	EndGlobalSection
	GlobalSection(ProjectConfigurationPlatforms) = postSolution
		{10ACD228-5E39-46A2-8F61-894381A0E427}.Debug|x64.ActiveCfg = Debug|x64
		{10ACD228-5E39-46A2-8F61-894381A0E427}.Debug|x64.Build.0 = Debug|x64
		{10ACD228-5E39-46A2-8F61-894381A0E427}.Debug|x86.ActiveCfg = Debug|Win32
		{10ACD228-5E39-46A2-8F61-894381A0E427}.Debug|x86.Build.0 = Debug|Win32
		{10ACD228-5E39-46A2-8F61-894381A0E427}.Release|x64.ActiveCfg = Release|x64
		{10ACD228-5E39-46A2-8F61-894381A0E427}.Release|x64.Build.0 = Release|x64
		{10ACD228-5E39-46A2-8F61-894381A0E427}.Release|x86.ActiveCfg = Release|Win32
		{10ACD228-5E39-46A2-8F61-894381A0E427}.Release|x86.Build.0 = Release|Win32
		{54616CF4-B4E5-49B4-BF13-C8B342F008DD}.Debug|x64.ActiveCfg = Debug|x64
		{54616CF4-B4E5-49B4-BF13-C8B342F008DD}.Debug|x64.Build.0 = Debug|x64
		{54616CF4-B4E5-49B4-BF13-C8B342F008DD}.Debug|x86.ActiveCfg = Debug|Win32
		{54616CF4-B4E5-49B4-BF13-C8B342F008DD}.Debug|x86.Build.0 = Debug|Win32
		{54616CF4-B4E5-49B4-BF13-C8B342F008DD}.Release|x64.ActiveCfg = Release|x64
		{54616CF4-B4E5-49B4-BF13-C8B342F008DD}.Release|x64.Build.0 = Release|x64
		{54616CF4-B4E5-49B4-BF13-C8B342F008DD}.Release|x86.ActiveCfg = Release|Win32
		{54616CF4-B4E5-49B4-BF13-C8B342F008DD}.Release|x86.Build.0 = Release|Win32
		{B8631384-D958-4DF3-861A-1386C643C7EC}.Debug|x64.ActiveCfg = Debug|x64
		{B8631384-D958-4DF3-861A-1386C643C7EC}.Debug|x64.Build.0 = Debug|x64
		{B8631384-D958-4DF3-861A-1386C643C7EC}.Debug|x86.ActiveCfg = Debug|Win32
		{B8631384-D958-4DF3-861A-1386C643C7EC}.Debug|x86.Build.0 = Debug|Win32
		{B8631384-D958-4DF3-861A-1386C643C7EC}.Release|x64.ActiveCfg = Release|x64
		{B8631384-D958-4DF3-861A-1386C643C7EC}.Release|x64.Build.0 = Release|x64
		{B8631384-D958-4DF3-861A-1386C643C7EC}.Release|x86.ActiveCfg = Release|Win32
		{B8631384-D958-4DF3-861A-1386C643C7EC}.Release|x86.Build.0 = Release|Win32
	EndGlobalSection
	GlobalSection(SolutionProperties) = preSolution
		HideSolutionNode = FALSE
	EndGlobalSection
	GlobalSection(NestedProjects) = preSolution
		{8E2E9AC9-9091-4338-A2D8-B1EC68CF452C} = {FCA4B167-AB35-4C40-BA5A-4871D89B331C}
		{F98DDBCD-F5C2-470A-8EC3-341D1FD229C3} = {8E2E9AC9-9091-4338-A2D8-B1EC68CF452C}
		{CAE43DBB-BBD8-48A3-810D-870B988FCCA6} = {8E2E9AC9-9091-4338-A2D8-B1EC68CF452C}
		{591DA994-C2A7-4217-BC92-3E8C32167115} = {F1A40941-BE4E-451F-A9AD-F5F14CAC6DC9}
		{F1A40941-BE4E-451F-A9AD-F5F14CAC6DC9} = {FCA4B167-AB35-4C40-BA5A-4871D89B331C}
		{85892C8A-687D-40E9-B05F-38B0937D4C16} = {FCA4B167-AB35-4C40-BA5A-4871D89B331C}
		{10ACD228-5E39-46A2-8F61-894381A0E427} = {85892C8A-687D-40E9-B05F-38B0937D4C16}
		{54616CF4-B4E5-49B4-BF13-C8B342F008DD} = {5944965A-C6BC-448C-898B-C4AA45517A4E}
		{9935193F-5EBE-4D77-89F2-17E3B65774AA} = {8E2E9AC9-9091-4338-A2D8-B1EC68CF452C}
		{80187EF8-648A-4C74-AABF-1431E6DBAE5A} = {9935193F-5EBE-4D77-89F2-17E3B65774AA}
		{5B4C381B-667E-46B0-AF41-04760F5E3859} = {9935193F-5EBE-4D77-89F2-17E3B65774AA}
		{AA4541B8-3389-4373-95A7-558B73F51A09} = {80187EF8-648A-4C74-AABF-1431E6DBAE5A}
		{FD892CCF-A7A6-4756-83A4-A16589FEB168} = {80187EF8-648A-4C74-AABF-1431E6DBAE5A}
		{4FAA7D93-045F-4B8E-A301-E0C23FE1B089} = {AA4541B8-3389-4373-95A7-558B73F51A09}
		{F28AAB9C-1061-4B29-9DF0-6F53C911CF50} = {FD892CCF-A7A6-4756-83A4-A16589FEB168}
		{9B4B76DA-1F60-4A57-95D7-8ACFF190F7EF} = {5B4C381B-667E-46B0-AF41-04760F5E3859}
		{F7DA70F5-61FD-46AC-97C5-B5CD3B59A4EC} = {8E2E9AC9-9091-4338-A2D8-B1EC68CF452C}
		{B9D054DC-F7D0-404D-8E53-B928725DB2DB} = {F7DA70F5-61FD-46AC-97C5-B5CD3B59A4EC}
		{4220B618-D1C3-45C5-9EB1-1F26ABECF20A} = {F7DA70F5-61FD-46AC-97C5-B5CD3B59A4EC}
		{1ACF941A-98D3-434E-BDF9-35454434D2CF} = {F7DA70F5-61FD-46AC-97C5-B5CD3B59A4EC}
		{21D6F6E5-FB17-4B6E-AB77-30C359F231E5} = {9935193F-5EBE-4D77-89F2-17E3B65774AA}
		{C3F7778A-80F1-4BCA-ACB2-BA837C45DFD7} = {F7DA70F5-61FD-46AC-97C5-B5CD3B59A4EC}
		{CE304143-BD6F-4D55-A3DC-001CB662BE20} = {F1A40941-BE4E-451F-A9AD-F5F14CAC6DC9}
		{B8631384-D958-4DF3-861A-1386C643C7EC} = {85892C8A-687D-40E9-B05F-38B0937D4C16}
		{44BC91E9-3EE6-407D-BFDD-47E9EB9123C6} = {CAE43DBB-BBD8-48A3-810D-870B988FCCA6}
		{14997D21-DA87-44E5-BD17-78D324D0B2E0} = {CAE43DBB-BBD8-48A3-810D-870B988FCCA6}
		{3FD98BC3-FD77-43DF-AAF7-3732C577F82F} = {4220B618-D1C3-45C5-9EB1-1F26ABECF20A}
		{488FA285-20C8-4E66-B302-85577033768C} = {8E2E9AC9-9091-4338-A2D8-B1EC68CF452C}
		{AFDA37D3-C219-4F68-8AEB-5F149FD20F38} = {488FA285-20C8-4E66-B302-85577033768C}
		{0DE618B7-999C-4178-9576-B3EE6C44522A} = {488FA285-20C8-4E66-B302-85577033768C}
		{08FE520B-0138-405E-8688-548FD51245AB} = {488FA285-20C8-4E66-B302-85577033768C}
		{52C7F91C-124C-4955-B7A0-3FD948B8C526} = {9935193F-5EBE-4D77-89F2-17E3B65774AA}
		{A8AFE334-F90A-4576-9052-87349E1C0F91} = {488FA285-20C8-4E66-B302-85577033768C}
	EndGlobalSection
	GlobalSection(ExtensibilityGlobals) = postSolution
		SolutionGuid = {0E8BA2E0-AE4A-47E2-AA3D-0344C4BF2A64}
	EndGlobalSection
	GlobalSection(SharedMSBuildProjectFiles) = preSolution
		Source\Shared\WinCopies.Util.Shared\WinCopies.Util.Shared.vcxitems*{10acd228-5e39-46a2-8f61-894381a0e427}*SharedItemsImports = 4
		Source\Shared\WinCopies.Util.Shared\WinCopies.Util.Shared.vcxitems*{591da994-c2a7-4217-bc92-3e8c32167115}*SharedItemsImports = 9
		Source\Shared\WinCopies.Collections.Shared\WinCopies.Collections.Shared.vcxitems*{b8631384-d958-4df3-861a-1386c643c7ec}*SharedItemsImports = 4
		Source\Shared\WinCopies.Collections.Shared\WinCopies.Collections.Shared.vcxitems*{ce304143-bd6f-4d55-a3dc-001cb662be20}*SharedItemsImports = 9
	EndGlobalSection
EndGlobal
