<?xml version="1.0" encoding="utf-8"?>
<Project ToolsVersion="4.0" xmlns="http://schemas.microsoft.com/developer/msbuild/2003">
  <ItemGroup>
    <Filter Include="Header Files">
      <UniqueIdentifier>{4387fab8-78fc-46df-920f-c32f6bcc53c2}</UniqueIdentifier>
    </Filter>
    <Filter Include="Source Files">
      <UniqueIdentifier>{9b7ca014-1523-4759-acee-a08f2a591faf}</UniqueIdentifier>
    </Filter>
    <Filter Include="Header Files\Includes">
      <UniqueIdentifier>{a341325e-b1c5-4b84-8680-4cffd27e1c4b}</UniqueIdentifier>
    </Filter>
    <Filter Include="Header Files\Enums">
      <UniqueIdentifier>{ae1a2449-6054-42a0-ae7a-7302a8077ad7}</UniqueIdentifier>
    </Filter>
    <Filter Include="Header Files\Includes\Types">
      <UniqueIdentifier>{6fea0f4b-39a3-427d-b4f9-f334d711548f}</UniqueIdentifier>
    </Filter>
    <Filter Include="Header Files\Includes\Types\Delegates">
      <UniqueIdentifier>{7ca66c4a-8d0d-4519-bff8-f9ebedf72fd6}</UniqueIdentifier>
    </Filter>
    <Filter Include="Header Files\Includes\Macros">
      <UniqueIdentifier>{573778c0-ba26-49f8-a1ad-7744f7e079a8}</UniqueIdentifier>
    </Filter>
    <Filter Include="Header Files\Includes\Macros\Method">
      <UniqueIdentifier>{c35243a1-54c3-4c19-9eae-e8f95c643ccd}</UniqueIdentifier>
    </Filter>
    <Filter Include="Header Files\Includes\Macros\Method\Templates">
      <UniqueIdentifier>{30b6865f-120d-4c9a-862d-e6fb70136c6f}</UniqueIdentifier>
    </Filter>
    <Filter Include="Header Files\Includes\Macros\Type">
      <UniqueIdentifier>{5a45c4f8-0fcb-4d4e-bd46-dc305e6c0b2c}</UniqueIdentifier>
    </Filter>
    <Filter Include="Header Files\Includes\Macros\Type\Templates">
      <UniqueIdentifier>{b440287a-4bc1-44e3-a82e-43563ec98f90}</UniqueIdentifier>
    </Filter>
    <Filter Include="Header Files\PP">
      <UniqueIdentifier>{6b7e99af-419b-48c3-bb4b-777c960af9a9}</UniqueIdentifier>
    </Filter>
    <Filter Include="Header Files\Includes\Typing">
      <UniqueIdentifier>{858fc747-3cf6-4e7d-bc72-01f01ce4bf0b}</UniqueIdentifier>
    </Filter>
    <Filter Include="Source Files\Types">
      <UniqueIdentifier>{b7d9d416-6150-41e5-891f-cd28171b3fad}</UniqueIdentifier>
    </Filter>
    <Filter Include="Header Files\Includes\Typing\Defines">
      <UniqueIdentifier>{9392a46b-f69f-44ec-927a-8641cb6532dd}</UniqueIdentifier>
    </Filter>
    <Filter Include="Header Files\PP\Enum">
      <UniqueIdentifier>{a05c3828-90d2-4489-a6b5-133d187f1918}</UniqueIdentifier>
    </Filter>
    <Filter Include="Header Files\PP\Conditional">
      <UniqueIdentifier>{e83d5252-f204-45ce-ba45-5d27fec83c83}</UniqueIdentifier>
    </Filter>
    <Filter Include="Header Files\PP\Loop">
      <UniqueIdentifier>{6e5a6790-bf2d-4e58-b193-91a89f93c0e1}</UniqueIdentifier>
    </Filter>
    <Filter Include="Header Files\PP\Math">
      <UniqueIdentifier>{c1aa3ad5-bbbe-48d6-9c45-3dd043ea57c4}</UniqueIdentifier>
    </Filter>
    <Filter Include="Header Files\PP\Variadic">
      <UniqueIdentifier>{38f6bab0-4996-4fff-b74e-3ef999929d02}</UniqueIdentifier>
    </Filter>
    <Filter Include="Header Files\PP\Loop\Include">
      <UniqueIdentifier>{d5cb16e6-ef16-46db-a6a4-3fb085bb752c}</UniqueIdentifier>
    </Filter>
  </ItemGroup>
  <ItemGroup>
    <ClInclude Include="$(MSBuildThisFileDirectory)pch.h">
      <Filter>Header Files</Filter>
    </ClInclude>
    <ClInclude Include="$(MSBuildThisFileDirectory)framework.h">
      <Filter>Header Files</Filter>
    </ClInclude>
    <ClInclude Include="$(MSBuildThisFileDirectory)..\..\Include\Util\Util.h">
      <Filter>Header Files</Filter>
    </ClInclude>
    <ClInclude Include="$(MSBuildThisFileDirectory)..\..\Include\Util\Exception.h">
      <Filter>Header Files</Filter>
    </ClInclude>
    <ClInclude Include="$(MSBuildThisFileDirectory)..\..\Include\Util\Nullable.h">
      <Filter>Header Files</Filter>
    </ClInclude>
    <ClInclude Include="$(MSBuildThisFileDirectory)..\..\Include\Util\System.h">
      <Filter>Header Files</Filter>
    </ClInclude>
    <ClInclude Include="$(MSBuildThisFileDirectory)..\..\Include\Util\Includes\Framework.h">
      <Filter>Header Files\Includes</Filter>
    </ClInclude>
    <ClInclude Include="$(MSBuildThisFileDirectory)..\..\Include\Util\Includes\Libraries.h">
      <Filter>Header Files\Includes</Filter>
    </ClInclude>
    <ClInclude Include="$(MSBuildThisFileDirectory)..\..\Include\Util\Enums\ErrorCode.h">
      <Filter>Header Files\Enums</Filter>
    </ClInclude>
    <ClInclude Include="$(MSBuildThisFileDirectory)..\..\Include\Util\Enums\SystemErrorCode.h">
      <Filter>Header Files\Enums</Filter>
    </ClInclude>
    <ClInclude Include="$(MSBuildThisFileDirectory)..\..\Include\Util\Delegates.h">
      <Filter>Header Files</Filter>
    </ClInclude>
    <ClInclude Include="$(MSBuildThisFileDirectory)..\..\Include\Util\Math.h">
      <Filter>Header Files</Filter>
    </ClInclude>
    <ClInclude Include="$(MSBuildThisFileDirectory)..\..\Include\Util\UtilBase.h">
      <Filter>Header Files</Filter>
    </ClInclude>
    <ClInclude Include="$(MSBuildThisFileDirectory)..\..\Include\Util\Includes\Types\Defs.h">
      <Filter>Header Files\Includes\Types</Filter>
    </ClInclude>
    <ClInclude Include="$(MSBuildThisFileDirectory)..\..\Include\Util\Includes\Types\Delegates\Defines.h">
      <Filter>Header Files\Includes\Types\Delegates</Filter>
    </ClInclude>
    <ClInclude Include="$(MSBuildThisFileDirectory)..\..\Include\Util\Includes\Types\Delegates\Delegates.h">
      <Filter>Header Files\Includes\Types\Delegates</Filter>
    </ClInclude>
    <ClInclude Include="$(MSBuildThisFileDirectory)..\..\Include\Util\Includes\Macros\Misc.h">
      <Filter>Header Files\Includes\Macros</Filter>
    </ClInclude>
    <ClInclude Include="$(MSBuildThisFileDirectory)..\..\Include\Util\Includes\Macros\Template.h">
      <Filter>Header Files\Includes\Macros</Filter>
    </ClInclude>
    <ClInclude Include="$(MSBuildThisFileDirectory)..\..\Include\Util\Includes\Macros\TemplateIf.h">
      <Filter>Header Files\Includes\Macros</Filter>
    </ClInclude>
    <ClInclude Include="$(MSBuildThisFileDirectory)..\..\Include\Util\Includes\Macros\Method\Method.h">
      <Filter>Header Files\Includes\Macros\Method</Filter>
    </ClInclude>
    <ClInclude Include="$(MSBuildThisFileDirectory)..\..\Include\Util\Includes\Macros\Method\Templates\Function.h">
      <Filter>Header Files\Includes\Macros\Method\Templates</Filter>
    </ClInclude>
    <ClInclude Include="$(MSBuildThisFileDirectory)..\..\Include\Util\Includes\Macros\Method\Templates\Inline.h">
      <Filter>Header Files\Includes\Macros\Method\Templates</Filter>
    </ClInclude>
    <ClInclude Include="$(MSBuildThisFileDirectory)..\..\Include\Util\Includes\Macros\Method\Templates\Method.h">
      <Filter>Header Files\Includes\Macros\Method\Templates</Filter>
    </ClInclude>
    <ClInclude Include="$(MSBuildThisFileDirectory)..\..\Include\Util\Includes\Macros\Method\Templates\Func.h">
      <Filter>Header Files\Includes\Macros\Method\Templates</Filter>
    </ClInclude>
    <ClInclude Include="$(MSBuildThisFileDirectory)..\..\Include\Util\Includes\Macros\Type\Type.h">
      <Filter>Header Files\Includes\Macros\Type</Filter>
    </ClInclude>
    <ClInclude Include="$(MSBuildThisFileDirectory)..\..\Include\Util\Includes\Macros\Type\Templates\Class.h">
      <Filter>Header Files\Includes\Macros\Type\Templates</Filter>
    </ClInclude>
    <ClInclude Include="$(MSBuildThisFileDirectory)..\..\Include\Util\Includes\Macros\Type\Templates\Enum.h">
      <Filter>Header Files\Includes\Macros\Type\Templates</Filter>
    </ClInclude>
    <ClInclude Include="$(MSBuildThisFileDirectory)..\..\Include\Util\Includes\Macros\Type\Templates\Interface.h">
      <Filter>Header Files\Includes\Macros\Type\Templates</Filter>
    </ClInclude>
    <ClInclude Include="$(MSBuildThisFileDirectory)..\..\Include\Util\Includes\Macros\Type\Templates\Struct.h">
      <Filter>Header Files\Includes\Macros\Type\Templates</Filter>
    </ClInclude>
    <ClInclude Include="$(MSBuildThisFileDirectory)..\..\Include\Util\PP\MiscBase.hpp">
      <Filter>Header Files\PP</Filter>
    </ClInclude>
    <ClInclude Include="$(MSBuildThisFileDirectory)..\..\Include\Util\PP\MISC.hpp">
      <Filter>Header Files\PP</Filter>
    </ClInclude>
    <ClInclude Include="$(MSBuildThisFileDirectory)..\..\Include\Util\Includes\Main.h">
      <Filter>Header Files\Includes</Filter>
    </ClInclude>
    <ClInclude Include="$(MSBuildThisFileDirectory)..\..\Include\Util\Includes\Typing\Typing.h">
      <Filter>Header Files\Includes\Typing</Filter>
    </ClInclude>
    <ClInclude Include="$(MSBuildThisFileDirectory)..\..\Include\Util\Includes\Typing\Defines\Consts.h">
      <Filter>Header Files\Includes\Typing\Defines</Filter>
    </ClInclude>
    <ClInclude Include="$(MSBuildThisFileDirectory)..\..\Include\Util\Includes\Typing\Defines\EnableIf.h">
      <Filter>Header Files\Includes\Typing\Defines</Filter>
    </ClInclude>
    <ClInclude Include="$(MSBuildThisFileDirectory)..\..\Include\Util\Includes\Typing\Usings.h">
      <Filter>Header Files\Includes\Typing</Filter>
    </ClInclude>
    <ClInclude Include="$(MSBuildThisFileDirectory)..\..\Include\Util\Includes\Types\Usings.h">
      <Filter>Header Files\Includes\Types</Filter>
    </ClInclude>
    <ClInclude Include="$(MSBuildThisFileDirectory)..\..\Include\Util\Includes\Typing\Enum.h">
      <Filter>Header Files\Includes\Typing</Filter>
    </ClInclude>
    <ClInclude Include="$(MSBuildThisFileDirectory)..\..\Include\Util\Includes\Environment.h">
      <Filter>Header Files\Includes</Filter>
    </ClInclude>
    <ClInclude Include="$(MSBuildThisFileDirectory)..\..\Include\Util\PP\Conditional\Bool.hpp">
      <Filter>Header Files\PP\Conditional</Filter>
    </ClInclude>
    <ClInclude Include="$(MSBuildThisFileDirectory)..\..\Include\Util\PP\Conditional\Conditional.hpp">
      <Filter>Header Files\PP\Conditional</Filter>
    </ClInclude>
    <ClInclude Include="$(MSBuildThisFileDirectory)..\..\Include\Util\PP\Conditional\If.hpp">
      <Filter>Header Files\PP\Conditional</Filter>
    </ClInclude>
    <ClInclude Include="$(MSBuildThisFileDirectory)..\..\Include\Util\PP\Loop\For.hpp">
      <Filter>Header Files\PP\Loop</Filter>
    </ClInclude>
    <ClInclude Include="$(MSBuildThisFileDirectory)..\..\Include\Util\PP\Loop\ForEach.hpp">
      <Filter>Header Files\PP\Loop</Filter>
    </ClInclude>
    <ClInclude Include="$(MSBuildThisFileDirectory)..\..\Include\Util\PP\Loop\Loop.hpp">
      <Filter>Header Files\PP\Loop</Filter>
    </ClInclude>
    <ClInclude Include="$(MSBuildThisFileDirectory)..\..\Include\Util\PP\Loop\Repeat.hpp">
      <Filter>Header Files\PP\Loop</Filter>
    </ClInclude>
    <ClInclude Include="$(MSBuildThisFileDirectory)..\..\Include\Util\PP\Math\DECREMENT.h">
      <Filter>Header Files\PP\Math</Filter>
    </ClInclude>
    <ClInclude Include="$(MSBuildThisFileDirectory)..\..\Include\Util\PP\Math\INCREMENT.h">
      <Filter>Header Files\PP\Math</Filter>
    </ClInclude>
    <ClInclude Include="$(MSBuildThisFileDirectory)..\..\Include\Util\PP\Math\Math.hpp">
      <Filter>Header Files\PP\Math</Filter>
    </ClInclude>
    <ClInclude Include="$(MSBuildThisFileDirectory)..\..\Include\Util\Includes\Typing\Consts.h">
      <Filter>Header Files\Includes\Typing</Filter>
    </ClInclude>
    <ClInclude Include="$(MSBuildThisFileDirectory)..\..\Include\Util\Includes\Typing\EnableIf.h">
      <Filter>Header Files\Includes\Typing</Filter>
    </ClInclude>
    <ClInclude Include="$(MSBuildThisFileDirectory)..\..\Include\Util\PP\Enum\MakeEnum.hpp">
      <Filter>Header Files\PP\Enum</Filter>
    </ClInclude>
    <ClInclude Include="$(MSBuildThisFileDirectory)..\..\Include\Util\PP\Variadic\Variadic.hpp">
      <Filter>Header Files\PP\Variadic</Filter>
    </ClInclude>
    <ClInclude Include="$(MSBuildThisFileDirectory)..\..\Include\Util\PP\Variadic\CountArgs.hpp">
      <Filter>Header Files\PP\Variadic</Filter>
    </ClInclude>
    <ClInclude Include="$(MSBuildThisFileDirectory)..\..\Include\Util\PP\Loop\While.hpp">
      <Filter>Header Files\PP\Loop</Filter>
    </ClInclude>
    <ClInclude Include="$(MSBuildThisFileDirectory)..\..\Include\Util\PP\Enum\Arithmetic.hpp">
      <Filter>Header Files\PP\Enum</Filter>
    </ClInclude>
    <ClInclude Include="$(MSBuildThisFileDirectory)..\..\Include\Util\PP\Enum\Bitwise.hpp">
      <Filter>Header Files\PP\Enum</Filter>
    </ClInclude>
    <ClInclude Include="$(MSBuildThisFileDirectory)..\..\Include\Util\PP\Enum\Comparison.hpp">
      <Filter>Header Files\PP\Enum</Filter>
    </ClInclude>
    <ClInclude Include="$(MSBuildThisFileDirectory)..\..\Include\Util\PP\Enum\Operators.hpp">
      <Filter>Header Files\PP\Enum</Filter>
    </ClInclude>
    <ClInclude Include="$(MSBuildThisFileDirectory)..\..\Include\Util\PP\Enum\Flags.hpp">
      <Filter>Header Files\PP\Enum</Filter>
    </ClInclude>
    <ClInclude Include="$(MSBuildThisFileDirectory)..\..\Include\Util\Includes\Types\DefsBase.h">
      <Filter>Header Files\Includes\Types</Filter>
    </ClInclude>
    <ClInclude Include="$(MSBuildThisFileDirectory)..\..\Include\Util\Includes\Macros\Type\TypeBase.h">
      <Filter>Header Files\Includes\Macros\Type</Filter>
    </ClInclude>
    <ClInclude Include="$(MSBuildThisFileDirectory)..\..\Include\Util\Includes\Macros\Type\Templates\Template.h">
      <Filter>Header Files\Includes\Macros\Type\Templates</Filter>
    </ClInclude>
    <ClInclude Include="$(MSBuildThisFileDirectory)..\..\Include\Util\Interface.h">
      <Filter>Header Files</Filter>
    </ClInclude>
    <ClInclude Include="$(MSBuildThisFileDirectory)..\..\Include\Util\PP\Variadic\Util.hpp">
      <Filter>Header Files\PP\Variadic</Filter>
    </ClInclude>
    <ClInclude Include="$(MSBuildThisFileDirectory)..\..\Include\Util\PP\Math\MulBase.hpp">
      <Filter>Header Files\PP\Math</Filter>
    </ClInclude>
    <ClInclude Include="$(MSBuildThisFileDirectory)..\..\Include\Util\PP\Variadic\UtilBase.hpp">
      <Filter>Header Files\PP\Variadic</Filter>
    </ClInclude>
    <ClInclude Include="$(MSBuildThisFileDirectory)..\..\Include\Util\PP\Math\Base.hpp">
      <Filter>Header Files\PP\Math</Filter>
    </ClInclude>
    <ClInclude Include="$(MSBuildThisFileDirectory)..\..\Include\Util\PP\Math\Div.hpp">
      <Filter>Header Files\PP\Math</Filter>
    </ClInclude>
    <ClInclude Include="$(MSBuildThisFileDirectory)..\..\Include\Util\PP\Math\Mul.hpp">
      <Filter>Header Files\PP\Math</Filter>
    </ClInclude>
    <ClInclude Include="$(MSBuildThisFileDirectory)..\..\Include\Util\PP\Math\MUL.inc.hpp">
      <Filter>Header Files\PP\Math</Filter>
    </ClInclude>
    <ClInclude Include="$(MSBuildThisFileDirectory)..\..\Include\Util\Typing.h">
      <Filter>Header Files</Filter>
    </ClInclude>
    <ClInclude Include="$(MSBuildThisFileDirectory)..\..\Include\Util\Includes\Macros\Method\Abstract.h">
      <Filter>Header Files\Includes\Macros\Method</Filter>
    </ClInclude>
    <ClInclude Include="$(MSBuildThisFileDirectory)..\..\Include\Util\Includes\Macros\Method\Inline.h">
      <Filter>Header Files\Includes\Macros\Method</Filter>
    </ClInclude>
    <ClInclude Include="$(MSBuildThisFileDirectory)..\..\Include\Util\Includes\Macros\Method\Base.h">
      <Filter>Header Files\Includes\Macros\Method</Filter>
    </ClInclude>
    <ClInclude Include="$(MSBuildThisFileDirectory)..\..\Include\Util\Includes\Macros\Method\Templates.h">
      <Filter>Header Files\Includes\Macros\Method</Filter>
    </ClInclude>
    <ClInclude Include="$(MSBuildThisFileDirectory)..\..\Include\Util\PP\Loop\Include\FOR.hpp">
      <Filter>Header Files\PP\Loop\Include</Filter>
    </ClInclude>
    <ClInclude Include="$(MSBuildThisFileDirectory)..\..\Include\Util\PP\Loop\Include\WHILE.hpp">
      <Filter>Header Files\PP\Loop\Include</Filter>
    </ClInclude>
  </ItemGroup>
  <ItemGroup>
    <ClCompile Include="$(MSBuildThisFileDirectory)Exception.cpp">
      <Filter>Source Files</Filter>
    </ClCompile>
    <ClCompile Include="$(MSBuildThisFileDirectory)System.cpp">
      <Filter>Source Files</Filter>
    </ClCompile>
    <ClCompile Include="$(MSBuildThisFileDirectory)Util.cpp">
      <Filter>Source Files</Filter>
    </ClCompile>
    <ClCompile Include="$(MSBuildThisFileDirectory)Math.cpp">
      <Filter>Source Files</Filter>
    </ClCompile>
    <ClCompile Include="$(MSBuildThisFileDirectory)Types\Usings.cpp">
      <Filter>Source Files\Types</Filter>
    </ClCompile>
    <ClCompile Include="$(MSBuildThisFileDirectory)Interface.cpp">
      <Filter>Source Files</Filter>
    </ClCompile>
  </ItemGroup>
</Project>