<?xml version="1.0" encoding="utf-8"?>
<Project ToolsVersion="4.0" xmlns="http://schemas.microsoft.com/developer/msbuild/2003">
  <ItemGroup>
    <Filter Include="Header Files">
      <UniqueIdentifier>{56438fc7-4c12-4182-b019-968d8a9c9501}</UniqueIdentifier>
    </Filter>
    <Filter Include="Source Files">
      <UniqueIdentifier>{4784c278-dd51-4e49-aec4-1e2be9bbfddc}</UniqueIdentifier>
    </Filter>
  </ItemGroup>
  <ItemGroup>
    <ClInclude Include="$(MSBuildThisFileDirectory)framework.h">
      <Filter>Header Files</Filter>
    </ClInclude>
    <ClInclude Include="$(MSBuildThisFileDirectory)pch.h">
      <Filter>Header Files</Filter>
    </ClInclude>
    <ClInclude Include="$(MSBuildThisFileDirectory)ReadOnlyStack.h">
      <Filter>Header Files</Filter>
    </ClInclude>
    <ClInclude Include="$(MSBuildThisFileDirectory)ReadOnlyQueue.h">
      <Filter>Header Files</Filter>
    </ClInclude>
    <ClInclude Include="$(MSBuildThisFileDirectory)EnumerableQueue.h">
      <Filter>Header Files</Filter>
    </ClInclude>
    <ClInclude Include="$(MSBuildThisFileDirectory)EnumerableStack.h">
      <Filter>Header Files</Filter>
    </ClInclude>
    <ClInclude Include="$(MSBuildThisFileDirectory)ILinkedList.h">
      <Filter>Header Files</Filter>
    </ClInclude>
    <ClInclude Include="$(MSBuildThisFileDirectory)LinkedList.h">
      <Filter>Header Files</Filter>
    </ClInclude>
    <ClInclude Include="$(MSBuildThisFileDirectory)IReadOnlyLinkedList.h">
      <Filter>Header Files</Filter>
    </ClInclude>
    <ClInclude Include="$(MSBuildThisFileDirectory)..\Include\Collections\Queue.h">
      <Filter>Header Files</Filter>
    </ClInclude>
    <ClInclude Include="$(MSBuildThisFileDirectory)..\Include\Collections\IStack.h">
      <Filter>Header Files</Filter>
    </ClInclude>
    <ClInclude Include="$(MSBuildThisFileDirectory)..\Include\Collections\ISimpleLinkedListNode.h">
      <Filter>Header Files</Filter>
    </ClInclude>
    <ClInclude Include="$(MSBuildThisFileDirectory)..\Include\Collections\ISimpleLinkedList.h">
      <Filter>Header Files</Filter>
    </ClInclude>
    <ClInclude Include="$(MSBuildThisFileDirectory)..\Include\Collections\IQueue.h">
      <Filter>Header Files</Filter>
    </ClInclude>
    <ClInclude Include="$(MSBuildThisFileDirectory)..\Include\Collections\defines.h">
      <Filter>Header Files</Filter>
    </ClInclude>
    <ClInclude Include="$(MSBuildThisFileDirectory)..\Include\Collections\Countable.h">
      <Filter>Header Files</Filter>
    </ClInclude>
    <ClInclude Include="$(MSBuildThisFileDirectory)..\Include\Collections\WhereEnumerable.h">
      <Filter>Header Files</Filter>
    </ClInclude>
    <ClInclude Include="$(MSBuildThisFileDirectory)..\Include\Collections\Stack.h">
      <Filter>Header Files</Filter>
    </ClInclude>
    <ClInclude Include="$(MSBuildThisFileDirectory)..\Include\Collections\SimpleLinkedListNode.h">
      <Filter>Header Files</Filter>
    </ClInclude>
    <ClInclude Include="$(MSBuildThisFileDirectory)..\Include\Collections\SimpleLinkedList.h">
      <Filter>Header Files</Filter>
    </ClInclude>
    <ClInclude Include="$(MSBuildThisFileDirectory)..\Include\Collections\SelectEnumerator.h">
      <Filter>Header Files</Filter>
    </ClInclude>
    <ClInclude Include="$(MSBuildThisFileDirectory)..\Include\Collections\SelectEnumerable.h">
      <Filter>Header Files</Filter>
    </ClInclude>
    <ClInclude Include="$(MSBuildThisFileDirectory)..\Include\Collections\SafeArray.h">
      <Filter>Header Files</Filter>
    </ClInclude>
    <ClInclude Include="$(MSBuildThisFileDirectory)..\Include\Collections\IEnumerator.h">
      <Filter>Header Files</Filter>
    </ClInclude>
    <ClInclude Include="$(MSBuildThisFileDirectory)..\Include\Collections\IEnumerable.h">
      <Filter>Header Files</Filter>
    </ClInclude>
    <ClInclude Include="$(MSBuildThisFileDirectory)..\Include\Collections\EnumeratorBase.h">
      <Filter>Header Files</Filter>
    </ClInclude>
    <ClInclude Include="$(MSBuildThisFileDirectory)..\Include\Collections\Enumerable.h">
      <Filter>Header Files</Filter>
    </ClInclude>
  </ItemGroup>
  <ItemGroup>
    <None Include="$(MSBuildThisFileDirectory)cpp.hint" />
  </ItemGroup>
  <ItemGroup>
    <ClCompile Include="$(MSBuildThisFileDirectory)ISimpleLinkedListNode.cpp">
      <Filter>Source Files</Filter>
    </ClCompile>
    <ClCompile Include="$(MSBuildThisFileDirectory)EnumerableQueue.cpp">
      <Filter>Source Files</Filter>
    </ClCompile>
    <ClCompile Include="$(MSBuildThisFileDirectory)EnumerableStack.cpp">
      <Filter>Source Files</Filter>
    </ClCompile>
    <ClCompile Include="$(MSBuildThisFileDirectory)IQueue.cpp">
      <Filter>Source Files</Filter>
    </ClCompile>
    <ClCompile Include="$(MSBuildThisFileDirectory)Queue.cpp">
      <Filter>Source Files</Filter>
    </ClCompile>
    <ClCompile Include="$(MSBuildThisFileDirectory)ReadOnlyQueue.cpp">
      <Filter>Source Files</Filter>
    </ClCompile>
    <ClCompile Include="$(MSBuildThisFileDirectory)ReadOnlyStack.cpp">
      <Filter>Source Files</Filter>
    </ClCompile>
    <ClCompile Include="$(MSBuildThisFileDirectory)Stack.cpp">
      <Filter>Source Files</Filter>
    </ClCompile>
    <ClCompile Include="$(MSBuildThisFileDirectory)EnumeratorBase.cpp">
      <Filter>Source Files</Filter>
    </ClCompile>
    <ClCompile Include="$(MSBuildThisFileDirectory)SimpleLinkedList.cpp">
      <Filter>Source Files</Filter>
    </ClCompile>
    <ClCompile Include="$(MSBuildThisFileDirectory)SimpleLinkedListNode.cpp">
      <Filter>Source Files</Filter>
    </ClCompile>
    <ClCompile Include="$(MSBuildThisFileDirectory)IStack.cpp">
      <Filter>Source Files</Filter>
    </ClCompile>
    <ClCompile Include="$(MSBuildThisFileDirectory)IEnumerable.cpp">
      <Filter>Source Files</Filter>
    </ClCompile>
    <ClCompile Include="$(MSBuildThisFileDirectory)IEnumerator.cpp">
      <Filter>Source Files</Filter>
    </ClCompile>
    <ClCompile Include="$(MSBuildThisFileDirectory)SafeArray.cpp">
      <Filter>Source Files</Filter>
    </ClCompile>
    <ClCompile Include="$(MSBuildThisFileDirectory)ILinkedList.cpp">
      <Filter>Source Files</Filter>
    </ClCompile>
    <ClCompile Include="$(MSBuildThisFileDirectory)LinkedList.cpp">
      <Filter>Source Files</Filter>
    </ClCompile>
    <ClCompile Include="$(MSBuildThisFileDirectory)WhereEnumerable.cpp">
      <Filter>Source Files</Filter>
    </ClCompile>
    <ClCompile Include="$(MSBuildThisFileDirectory)SelectEnumerable.cpp">
      <Filter>Source Files</Filter>
    </ClCompile>
    <ClCompile Include="$(MSBuildThisFileDirectory)ILinkedListNode.cpp">
      <Filter>Source Files</Filter>
    </ClCompile>
    <ClCompile Include="$(MSBuildThisFileDirectory)IReadOnlyLinkedList.cpp">
      <Filter>Source Files</Filter>
    </ClCompile>
    <ClCompile Include="$(MSBuildThisFileDirectory)Enumerable.cpp">
      <Filter>Source Files</Filter>
    </ClCompile>
    <ClCompile Include="$(MSBuildThisFileDirectory)Countable.cpp">
      <Filter>Source Files</Filter>
    </ClCompile>
    <ClCompile Include="$(MSBuildThisFileDirectory)ISimpleLinkedList.cpp">
      <Filter>Source Files</Filter>
    </ClCompile>
  </ItemGroup>
</Project>